
Microsoft Visual Studio Solution File, Format Version 12.00
# Visual Studio Version 17
VisualStudioVersion = 17.7.34031.279
MinimumVisualStudioVersion = 10.0.40219.1
Project("{8BC9CEB8-8B4A-11D0-8D11-00A0C91BC942}") = "Project11111111", "Project11111111\Project11111111.vcxproj", "{38583D37-8368-4C52-9D41-53325781ADBD}"
EndProject
Global
	GlobalSection(SolutionConfigurationPlatforms) = preSolution
		Debug|x64 = Debug|x64
		Debug|x86 = Debug|x86
		Release|x64 = Release|x64
		Release|x86 = Release|x86
	EndGlobalSection
	GlobalSection(ProjectConfigurationPlatforms) = postSolution
		{38583D37-8368-4C52-9D41-53325781ADBD}.Debug|x64.ActiveCfg = Debug|x64
		{38583D37-8368-4C52-9D41-53325781ADBD}.Debug|x64.Build.0 = Debug|x64
		{38583D37-8368-4C52-9D41-53325781ADBD}.Debug|x86.ActiveCfg = Debug|Win32
		{38583D37-8368-4C52-9D41-53325781ADBD}.Debug|x86.Build.0 = Debug|Win32
		{38583D37-8368-4C52-9D41-53325781ADBD}.Release|x64.ActiveCfg = Release|x64
		{38583D37-8368-4C52-9D41-53325781ADBD}.Release|x64.Build.0 = Release|x64
		{38583D37-8368-4C52-9D41-53325781ADBD}.Release|x86.ActiveCfg = Release|Win32
		{38583D37-8368-4C52-9D41-53325781ADBD}.Release|x86.Build.0 = Release|Win32
	EndGlobalSection
	GlobalSection(SolutionProperties) = preSolution
		HideSolutionNode = FALSE
	EndGlobalSection
	GlobalSection(ExtensibilityGlobals) = postSolution
		SolutionGuid = {2650479A-5C55-40D7-A2A1-7181F965193E}
	EndGlobalSection
EndGlobal
